
Microsoft Visual Studio Solution File, Format Version 12.00
# Visual Studio Version 16
VisualStudioVersion = 16.0.28803.452
MinimumVisualStudioVersion = 10.0.40219.1
Project("{FAE04EC0-301F-11D3-BF4B-00C04F79EFBC}") = "UI", "UI\UI.csproj", "{919F1F0A-58EB-47F3-8FDB-DAFFB603C559}"
EndProject
Project("{FAE04EC0-301F-11D3-BF4B-00C04F79EFBC}") = "OdeTeFood.Core", "OdeTeFood.Core\OdeTeFood.Core.csproj", "{D7D9B897-23C4-4F74-95B2-3DC340D182C5}"
EndProject
Project("{FAE04EC0-301F-11D3-BF4B-00C04F79EFBC}") = "OdeTeFood.Data", "OdeTeFood.Data\OdeTeFood.Data.csproj", "{E01851C7-5EB5-47A0-A28F-A7024FD8D8BC}"
EndProject
Global
	GlobalSection(SolutionConfigurationPlatforms) = preSolution
		Debug|Any CPU = Debug|Any CPU
		Release|Any CPU = Release|Any CPU
	EndGlobalSection
	GlobalSection(ProjectConfigurationPlatforms) = postSolution
		{919F1F0A-58EB-47F3-8FDB-DAFFB603C559}.Debug|Any CPU.ActiveCfg = Debug|Any CPU
		{919F1F0A-58EB-47F3-8FDB-DAFFB603C559}.Debug|Any CPU.Build.0 = Debug|Any CPU
		{919F1F0A-58EB-47F3-8FDB-DAFFB603C559}.Release|Any CPU.ActiveCfg = Release|Any CPU
		{919F1F0A-58EB-47F3-8FDB-DAFFB603C559}.Release|Any CPU.Build.0 = Release|Any CPU
		{D7D9B897-23C4-4F74-95B2-3DC340D182C5}.Debug|Any CPU.ActiveCfg = Debug|Any CPU
		{D7D9B897-23C4-4F74-95B2-3DC340D182C5}.Debug|Any CPU.Build.0 = Debug|Any CPU
		{D7D9B897-23C4-4F74-95B2-3DC340D182C5}.Release|Any CPU.ActiveCfg = Release|Any CPU
		{D7D9B897-23C4-4F74-95B2-3DC340D182C5}.Release|Any CPU.Build.0 = Release|Any CPU
		{E01851C7-5EB5-47A0-A28F-A7024FD8D8BC}.Debug|Any CPU.ActiveCfg = Debug|Any CPU
		{E01851C7-5EB5-47A0-A28F-A7024FD8D8BC}.Debug|Any CPU.Build.0 = Debug|Any CPU
		{E01851C7-5EB5-47A0-A28F-A7024FD8D8BC}.Release|Any CPU.ActiveCfg = Release|Any CPU
		{E01851C7-5EB5-47A0-A28F-A7024FD8D8BC}.Release|Any CPU.Build.0 = Release|Any CPU
	EndGlobalSection
	GlobalSection(SolutionProperties) = preSolution
		HideSolutionNode = FALSE
	EndGlobalSection
	GlobalSection(ExtensibilityGlobals) = postSolution
		SolutionGuid = {5320698B-7C6F-4BB7-BF7D-EA9C3A8E2D5F}
	EndGlobalSection
EndGlobal
